
Microsoft Visual Studio Solution File, Format Version 12.00
# Visual Studio Version 16
VisualStudioVersion = 16.0.31321.278
MinimumVisualStudioVersion = 10.0.40219.1
Project("{FAE04EC0-301F-11D3-BF4B-00C04F79EFBC}") = "ExtentionMethod", "ExtentionMethod\ExtentionMethod.csproj", "{57712C4B-0FAD-4DA1-BEC8-A8FDA9A2E9C7}"
EndProject
Global
	GlobalSection(SolutionConfigurationPlatforms) = preSolution
		Debug|Any CPU = Debug|Any CPU
		Release|Any CPU = Release|Any CPU
	EndGlobalSection
	GlobalSection(ProjectConfigurationPlatforms) = postSolution
		{57712C4B-0FAD-4DA1-BEC8-A8FDA9A2E9C7}.Debug|Any CPU.ActiveCfg = Debug|Any CPU
		{57712C4B-0FAD-4DA1-BEC8-A8FDA9A2E9C7}.Debug|Any CPU.Build.0 = Debug|Any CPU
		{57712C4B-0FAD-4DA1-BEC8-A8FDA9A2E9C7}.Release|Any CPU.ActiveCfg = Release|Any CPU
		{57712C4B-0FAD-4DA1-BEC8-A8FDA9A2E9C7}.Release|Any CPU.Build.0 = Release|Any CPU
	EndGlobalSection
	GlobalSection(SolutionProperties) = preSolution
		HideSolutionNode = FALSE
	EndGlobalSection
	GlobalSection(ExtensibilityGlobals) = postSolution
		SolutionGuid = {90041A16-7174-4BCC-A6D3-AC6EAE954455}
	EndGlobalSection
EndGlobal
