
Microsoft Visual Studio Solution File, Format Version 12.00
# Visual Studio Version 16
VisualStudioVersion = 16.0.31321.278
MinimumVisualStudioVersion = 10.0.40219.1
Project("{FAE04EC0-301F-11D3-BF4B-00C04F79EFBC}") = "InterfaceCalisma", "InterfaceCalisma\InterfaceCalisma.csproj", "{91F1860D-9F86-49E4-BEBA-A3220FABFA74}"
EndProject
Global
	GlobalSection(SolutionConfigurationPlatforms) = preSolution
		Debug|Any CPU = Debug|Any CPU
		Release|Any CPU = Release|Any CPU
	EndGlobalSection
	GlobalSection(ProjectConfigurationPlatforms) = postSolution
		{91F1860D-9F86-49E4-BEBA-A3220FABFA74}.Debug|Any CPU.ActiveCfg = Debug|Any CPU
		{91F1860D-9F86-49E4-BEBA-A3220FABFA74}.Debug|Any CPU.Build.0 = Debug|Any CPU
		{91F1860D-9F86-49E4-BEBA-A3220FABFA74}.Release|Any CPU.ActiveCfg = Release|Any CPU
		{91F1860D-9F86-49E4-BEBA-A3220FABFA74}.Release|Any CPU.Build.0 = Release|Any CPU
	EndGlobalSection
	GlobalSection(SolutionProperties) = preSolution
		HideSolutionNode = FALSE
	EndGlobalSection
	GlobalSection(ExtensibilityGlobals) = postSolution
		SolutionGuid = {5FA4EAB9-6906-48F2-B951-7F24E07389FA}
	EndGlobalSection
EndGlobal
